
Microsoft Visual Studio Solution File, Format Version 12.00
# Visual Studio Version 16
VisualStudioVersion = 16.0.30320.27
MinimumVisualStudioVersion = 10.0.40219.1
Project("{9A19103F-16F7-4668-BE54-9A1E7A4F7556}") = "WorkSpace", "WorkSpace\WorkSpace.csproj", "{F6F0EEB8-0D8C-498C-9092-E5E1172A4B46}"
EndProject
Project("{FAE04EC0-301F-11D3-BF4B-00C04F79EFBC}") = "OOP", "OOP\OOP.csproj", "{6E0841AC-F2FB-47C2-9116-F5F5060A7586}"
EndProject
Global
	GlobalSection(SolutionConfigurationPlatforms) = preSolution
		Debug|Any CPU = Debug|Any CPU
		Release|Any CPU = Release|Any CPU
	EndGlobalSection
	GlobalSection(ProjectConfigurationPlatforms) = postSolution
		{F6F0EEB8-0D8C-498C-9092-E5E1172A4B46}.Debug|Any CPU.ActiveCfg = Debug|Any CPU
		{F6F0EEB8-0D8C-498C-9092-E5E1172A4B46}.Debug|Any CPU.Build.0 = Debug|Any CPU
		{F6F0EEB8-0D8C-498C-9092-E5E1172A4B46}.Release|Any CPU.ActiveCfg = Release|Any CPU
		{F6F0EEB8-0D8C-498C-9092-E5E1172A4B46}.Release|Any CPU.Build.0 = Release|Any CPU
		{6E0841AC-F2FB-47C2-9116-F5F5060A7586}.Debug|Any CPU.ActiveCfg = Debug|Any CPU
		{6E0841AC-F2FB-47C2-9116-F5F5060A7586}.Debug|Any CPU.Build.0 = Debug|Any CPU
		{6E0841AC-F2FB-47C2-9116-F5F5060A7586}.Release|Any CPU.ActiveCfg = Release|Any CPU
		{6E0841AC-F2FB-47C2-9116-F5F5060A7586}.Release|Any CPU.Build.0 = Release|Any CPU
	EndGlobalSection
	GlobalSection(SolutionProperties) = preSolution
		HideSolutionNode = FALSE
	EndGlobalSection
	GlobalSection(ExtensibilityGlobals) = postSolution
		SolutionGuid = {1324A388-8688-4D6C-A4C7-F83B7C25F38A}
	EndGlobalSection
EndGlobal
